
Microsoft Visual Studio Solution File, Format Version 12.00
# Visual Studio Version 16
VisualStudioVersion = 16.0.30611.23
MinimumVisualStudioVersion = 10.0.40219.1
Project("{FAE04EC0-301F-11D3-BF4B-00C04F79EFBC}") = "lab5masiv", "lab5masiv\lab5masiv.csproj", "{004D4ACD-E80B-4067-AF14-0C61C8488779}"
EndProject
Global
	GlobalSection(SolutionConfigurationPlatforms) = preSolution
		Debug|Any CPU = Debug|Any CPU
		Release|Any CPU = Release|Any CPU
	EndGlobalSection
	GlobalSection(ProjectConfigurationPlatforms) = postSolution
		{004D4ACD-E80B-4067-AF14-0C61C8488779}.Debug|Any CPU.ActiveCfg = Debug|Any CPU
		{004D4ACD-E80B-4067-AF14-0C61C8488779}.Debug|Any CPU.Build.0 = Debug|Any CPU
		{004D4ACD-E80B-4067-AF14-0C61C8488779}.Release|Any CPU.ActiveCfg = Release|Any CPU
		{004D4ACD-E80B-4067-AF14-0C61C8488779}.Release|Any CPU.Build.0 = Release|Any CPU
	EndGlobalSection
	GlobalSection(SolutionProperties) = preSolution
		HideSolutionNode = FALSE
	EndGlobalSection
	GlobalSection(ExtensibilityGlobals) = postSolution
		SolutionGuid = {8E7100E0-652D-47D3-A871-3F7B4EC5F304}
	EndGlobalSection
EndGlobal
